// !$*UTF8*$!
{
	archiveVersion = 1;
	classes = {
	};
	objectVersion = 46;
	objects = {

/* Begin PBXBuildFile section */
		CF8E17F31EB9BF8F00B2FC9E /* Alamofire.framework in Frameworks */ = {isa = PBXBuildFile; fileRef = CF8E17E71EB9BF7F00B2FC9E /* Alamofire.framework */; };
		CF8E17F41EB9BF8F00B2FC9E /* ObjectMapper.framework in Frameworks */ = {isa = PBXBuildFile; fileRef = CF8E17E81EB9BF7F00B2FC9E /* ObjectMapper.framework */; };
		CF8E17F51EB9BF8F00B2FC9E /* RxBlocking.framework in Frameworks */ = {isa = PBXBuildFile; fileRef = CF8E17E91EB9BF7F00B2FC9E /* RxBlocking.framework */; };
		CF8E17F61EB9BF8F00B2FC9E /* RxCocoa.framework in Frameworks */ = {isa = PBXBuildFile; fileRef = CF8E17EA1EB9BF7F00B2FC9E /* RxCocoa.framework */; };
		CF8E17F71EB9BF8F00B2FC9E /* RxSwift.framework in Frameworks */ = {isa = PBXBuildFile; fileRef = CF8E17EB1EB9BF7F00B2FC9E /* RxSwift.framework */; };
		CF8E17F81EB9BF8F00B2FC9E /* RxTest.framework in Frameworks */ = {isa = PBXBuildFile; fileRef = CF8E17EC1EB9BF7F00B2FC9E /* RxTest.framework */; };
		CFE0918A1EB3723A00E9FDAD /* RxAlamofireMapper.framework in Frameworks */ = {isa = PBXBuildFile; fileRef = CFE091801EB3723A00E9FDAD /* RxAlamofireMapper.framework */; };
		CFE0918F1EB3723A00E9FDAD /* RxAlamofireMapperTests.swift in Sources */ = {isa = PBXBuildFile; fileRef = CFE0918E1EB3723A00E9FDAD /* RxAlamofireMapperTests.swift */; };
		CFE091911EB3723A00E9FDAD /* RxAlamofireMapper.h in Headers */ = {isa = PBXBuildFile; fileRef = CFE091831EB3723A00E9FDAD /* RxAlamofireMapper.h */; settings = {ATTRIBUTES = (Public, ); }; };
		CFE0919B1EB3725500E9FDAD /* RxAlamofireMapper.swift in Sources */ = {isa = PBXBuildFile; fileRef = CFE0919A1EB3725500E9FDAD /* RxAlamofireMapper.swift */; };
/* End PBXBuildFile section */

/* Begin PBXContainerItemProxy section */
		CFE0918B1EB3723A00E9FDAD /* PBXContainerItemProxy */ = {
			isa = PBXContainerItemProxy;
			containerPortal = CFE091771EB3723A00E9FDAD /* Project object */;
			proxyType = 1;
			remoteGlobalIDString = CFE0917F1EB3723A00E9FDAD;
			remoteInfo = RxAlamofireMapper;
		};
/* End PBXContainerItemProxy section */

/* Begin PBXFileReference section */
		CF8E17E71EB9BF7F00B2FC9E /* Alamofire.framework */ = {isa = PBXFileReference; lastKnownFileType = wrapper.framework; name = Alamofire.framework; path = Carthage/Build/iOS/Alamofire.framework; sourceTree = SOURCE_ROOT; };
		CF8E17E81EB9BF7F00B2FC9E /* ObjectMapper.framework */ = {isa = PBXFileReference; lastKnownFileType = wrapper.framework; name = ObjectMapper.framework; path = Carthage/Build/iOS/ObjectMapper.framework; sourceTree = SOURCE_ROOT; };
		CF8E17E91EB9BF7F00B2FC9E /* RxBlocking.framework */ = {isa = PBXFileReference; lastKnownFileType = wrapper.framework; name = RxBlocking.framework; path = Carthage/Build/iOS/RxBlocking.framework; sourceTree = SOURCE_ROOT; };
		CF8E17EA1EB9BF7F00B2FC9E /* RxCocoa.framework */ = {isa = PBXFileReference; lastKnownFileType = wrapper.framework; name = RxCocoa.framework; path = Carthage/Build/iOS/RxCocoa.framework; sourceTree = SOURCE_ROOT; };
		CF8E17EB1EB9BF7F00B2FC9E /* RxSwift.framework */ = {isa = PBXFileReference; lastKnownFileType = wrapper.framework; name = RxSwift.framework; path = Carthage/Build/iOS/RxSwift.framework; sourceTree = SOURCE_ROOT; };
		CF8E17EC1EB9BF7F00B2FC9E /* RxTest.framework */ = {isa = PBXFileReference; lastKnownFileType = wrapper.framework; name = RxTest.framework; path = Carthage/Build/iOS/RxTest.framework; sourceTree = SOURCE_ROOT; };
		CFE091801EB3723A00E9FDAD /* RxAlamofireMapper.framework */ = {isa = PBXFileReference; explicitFileType = wrapper.framework; includeInIndex = 0; path = RxAlamofireMapper.framework; sourceTree = BUILT_PRODUCTS_DIR; };
		CFE091831EB3723A00E9FDAD /* RxAlamofireMapper.h */ = {isa = PBXFileReference; lastKnownFileType = sourcecode.c.h; path = RxAlamofireMapper.h; sourceTree = "<group>"; };
		CFE091841EB3723A00E9FDAD /* Info.plist */ = {isa = PBXFileReference; lastKnownFileType = text.plist.xml; path = Info.plist; sourceTree = "<group>"; };
		CFE091891EB3723A00E9FDAD /* RxAlamofireMapperTests.xctest */ = {isa = PBXFileReference; explicitFileType = wrapper.cfbundle; includeInIndex = 0; path = RxAlamofireMapperTests.xctest; sourceTree = BUILT_PRODUCTS_DIR; };
		CFE0918E1EB3723A00E9FDAD /* RxAlamofireMapperTests.swift */ = {isa = PBXFileReference; lastKnownFileType = sourcecode.swift; path = RxAlamofireMapperTests.swift; sourceTree = "<group>"; };
		CFE091901EB3723A00E9FDAD /* Info.plist */ = {isa = PBXFileReference; lastKnownFileType = text.plist.xml; path = Info.plist; sourceTree = "<group>"; };
		CFE0919A1EB3725500E9FDAD /* RxAlamofireMapper.swift */ = {isa = PBXFileReference; fileEncoding = 4; lastKnownFileType = sourcecode.swift; path = RxAlamofireMapper.swift; sourceTree = "<group>"; };
/* End PBXFileReference section */

/* Begin PBXFrameworksBuildPhase section */
		CFE0917C1EB3723A00E9FDAD /* Frameworks */ = {
			isa = PBXFrameworksBuildPhase;
			buildActionMask = 2147483647;
			files = (
				CF8E17F31EB9BF8F00B2FC9E /* Alamofire.framework in Frameworks */,
				CF8E17F41EB9BF8F00B2FC9E /* ObjectMapper.framework in Frameworks */,
				CF8E17F51EB9BF8F00B2FC9E /* RxBlocking.framework in Frameworks */,
				CF8E17F61EB9BF8F00B2FC9E /* RxCocoa.framework in Frameworks */,
				CF8E17F71EB9BF8F00B2FC9E /* RxSwift.framework in Frameworks */,
				CF8E17F81EB9BF8F00B2FC9E /* RxTest.framework in Frameworks */,
			);
			runOnlyForDeploymentPostprocessing = 0;
		};
		CFE091861EB3723A00E9FDAD /* Frameworks */ = {
			isa = PBXFrameworksBuildPhase;
			buildActionMask = 2147483647;
			files = (
				CFE0918A1EB3723A00E9FDAD /* RxAlamofireMapper.framework in Frameworks */,
			);
			runOnlyForDeploymentPostprocessing = 0;
		};
/* End PBXFrameworksBuildPhase section */

/* Begin PBXGroup section */
		CF8E17E61EB9BF6700B2FC9E /* Third Party Libraries */ = {
			isa = PBXGroup;
			children = (
				CF8E17E71EB9BF7F00B2FC9E /* Alamofire.framework */,
				CF8E17E81EB9BF7F00B2FC9E /* ObjectMapper.framework */,
				CF8E17E91EB9BF7F00B2FC9E /* RxBlocking.framework */,
				CF8E17EA1EB9BF7F00B2FC9E /* RxCocoa.framework */,
				CF8E17EB1EB9BF7F00B2FC9E /* RxSwift.framework */,
				CF8E17EC1EB9BF7F00B2FC9E /* RxTest.framework */,
			);
			name = "Third Party Libraries";
			sourceTree = "<group>";
		};
		CFE091761EB3723A00E9FDAD = {
			isa = PBXGroup;
			children = (
				CFE091821EB3723A00E9FDAD /* RxAlamofireMapper */,
				CFE0918D1EB3723A00E9FDAD /* RxAlamofireMapperTests */,
				CFE091811EB3723A00E9FDAD /* Products */,
			);
			sourceTree = "<group>";
		};
		CFE091811EB3723A00E9FDAD /* Products */ = {
			isa = PBXGroup;
			children = (
				CFE091801EB3723A00E9FDAD /* RxAlamofireMapper.framework */,
				CFE091891EB3723A00E9FDAD /* RxAlamofireMapperTests.xctest */,
			);
			name = Products;
			sourceTree = "<group>";
		};
		CFE091821EB3723A00E9FDAD /* RxAlamofireMapper */ = {
			isa = PBXGroup;
			children = (
				CF8E17E61EB9BF6700B2FC9E /* Third Party Libraries */,
				CFE0919A1EB3725500E9FDAD /* RxAlamofireMapper.swift */,
				CFE091831EB3723A00E9FDAD /* RxAlamofireMapper.h */,
				CFE091841EB3723A00E9FDAD /* Info.plist */,
			);
			path = RxAlamofireMapper;
			sourceTree = "<group>";
		};
		CFE0918D1EB3723A00E9FDAD /* RxAlamofireMapperTests */ = {
			isa = PBXGroup;
			children = (
				CFE0918E1EB3723A00E9FDAD /* RxAlamofireMapperTests.swift */,
				CFE091901EB3723A00E9FDAD /* Info.plist */,
			);
			path = RxAlamofireMapperTests;
			sourceTree = "<group>";
		};
/* End PBXGroup section */

/* Begin PBXHeadersBuildPhase section */
		CFE0917D1EB3723A00E9FDAD /* Headers */ = {
			isa = PBXHeadersBuildPhase;
			buildActionMask = 2147483647;
			files = (
				CFE091911EB3723A00E9FDAD /* RxAlamofireMapper.h in Headers */,
			);
			runOnlyForDeploymentPostprocessing = 0;
		};
/* End PBXHeadersBuildPhase section */

/* Begin PBXNativeTarget section */
		CFE0917F1EB3723A00E9FDAD /* RxAlamofireMapper */ = {
			isa = PBXNativeTarget;
			buildConfigurationList = CFE091941EB3723A00E9FDAD /* Build configuration list for PBXNativeTarget "RxAlamofireMapper" */;
			buildPhases = (
				CFE0917B1EB3723A00E9FDAD /* Sources */,
				CFE0917C1EB3723A00E9FDAD /* Frameworks */,
				CFE0917D1EB3723A00E9FDAD /* Headers */,
				CFE0917E1EB3723A00E9FDAD /* Resources */,
			);
			buildRules = (
			);
			dependencies = (
			);
			name = RxAlamofireMapper;
			productName = RxAlamofireMapper;
			productReference = CFE091801EB3723A00E9FDAD /* RxAlamofireMapper.framework */;
			productType = "com.apple.product-type.framework";
		};
		CFE091881EB3723A00E9FDAD /* RxAlamofireMapperTests */ = {
			isa = PBXNativeTarget;
			buildConfigurationList = CFE091971EB3723A00E9FDAD /* Build configuration list for PBXNativeTarget "RxAlamofireMapperTests" */;
			buildPhases = (
				CFE091851EB3723A00E9FDAD /* Sources */,
				CFE091861EB3723A00E9FDAD /* Frameworks */,
				CFE091871EB3723A00E9FDAD /* Resources */,
			);
			buildRules = (
			);
			dependencies = (
				CFE0918C1EB3723A00E9FDAD /* PBXTargetDependency */,
			);
			name = RxAlamofireMapperTests;
			productName = RxAlamofireMapperTests;
			productReference = CFE091891EB3723A00E9FDAD /* RxAlamofireMapperTests.xctest */;
			productType = "com.apple.product-type.bundle.unit-test";
		};
/* End PBXNativeTarget section */

/* Begin PBXProject section */
		CFE091771EB3723A00E9FDAD /* Project object */ = {
			isa = PBXProject;
			attributes = {
				LastSwiftUpdateCheck = 0820;
				LastUpgradeCheck = 0820;
				ORGANIZATIONNAME = Wassim;
				TargetAttributes = {
					CFE0917F1EB3723A00E9FDAD = {
						CreatedOnToolsVersion = 8.2.1;
						DevelopmentTeam = 4LQ43Y6TLH;
						LastSwiftMigration = 0820;
						ProvisioningStyle = Automatic;
					};
					CFE091881EB3723A00E9FDAD = {
						CreatedOnToolsVersion = 8.2.1;
						DevelopmentTeam = 4LQ43Y6TLH;
						ProvisioningStyle = Automatic;
					};
				};
			};
			buildConfigurationList = CFE0917A1EB3723A00E9FDAD /* Build configuration list for PBXProject "RxAlamofireMapper" */;
			compatibilityVersion = "Xcode 3.2";
			developmentRegion = English;
			hasScannedForEncodings = 0;
			knownRegions = (
				en,
			);
			mainGroup = CFE091761EB3723A00E9FDAD;
			productRefGroup = CFE091811EB3723A00E9FDAD /* Products */;
			projectDirPath = "";
			projectRoot = "";
			targets = (
				CFE0917F1EB3723A00E9FDAD /* RxAlamofireMapper */,
				CFE091881EB3723A00E9FDAD /* RxAlamofireMapperTests */,
			);
		};
/* End PBXProject section */

/* Begin PBXResourcesBuildPhase section */
		CFE0917E1EB3723A00E9FDAD /* Resources */ = {
			isa = PBXResourcesBuildPhase;
			buildActionMask = 2147483647;
			files = (
			);
			runOnlyForDeploymentPostprocessing = 0;
		};
		CFE091871EB3723A00E9FDAD /* Resources */ = {
			isa = PBXResourcesBuildPhase;
			buildActionMask = 2147483647;
			files = (
			);
			runOnlyForDeploymentPostprocessing = 0;
		};
/* End PBXResourcesBuildPhase section */

/* Begin PBXSourcesBuildPhase section */
		CFE0917B1EB3723A00E9FDAD /* Sources */ = {
			isa = PBXSourcesBuildPhase;
			buildActionMask = 2147483647;
			files = (
				CFE0919B1EB3725500E9FDAD /* RxAlamofireMapper.swift in Sources */,
			);
			runOnlyForDeploymentPostprocessing = 0;
		};
		CFE091851EB3723A00E9FDAD /* Sources */ = {
			isa = PBXSourcesBuildPhase;
			buildActionMask = 2147483647;
			files = (
				CFE0918F1EB3723A00E9FDAD /* RxAlamofireMapperTests.swift in Sources */,
			);
			runOnlyForDeploymentPostprocessing = 0;
		};
/* End PBXSourcesBuildPhase section */

/* Begin PBXTargetDependency section */
		CFE0918C1EB3723A00E9FDAD /* PBXTargetDependency */ = {
			isa = PBXTargetDependency;
			target = CFE0917F1EB3723A00E9FDAD /* RxAlamofireMapper */;
			targetProxy = CFE0918B1EB3723A00E9FDAD /* PBXContainerItemProxy */;
		};
/* End PBXTargetDependency section */

/* Begin XCBuildConfiguration section */
		CFE091921EB3723A00E9FDAD /* Debug */ = {
			isa = XCBuildConfiguration;
			buildSettings = {
				ALWAYS_SEARCH_USER_PATHS = NO;
				CLANG_ANALYZER_NONNULL = YES;
				CLANG_CXX_LANGUAGE_STANDARD = "gnu++0x";
				CLANG_CXX_LIBRARY = "libc++";
				CLANG_ENABLE_MODULES = YES;
				CLANG_ENABLE_OBJC_ARC = YES;
				CLANG_WARN_BOOL_CONVERSION = YES;
				CLANG_WARN_CONSTANT_CONVERSION = YES;
				CLANG_WARN_DIRECT_OBJC_ISA_USAGE = YES_ERROR;
				CLANG_WARN_DOCUMENTATION_COMMENTS = YES;
				CLANG_WARN_EMPTY_BODY = YES;
				CLANG_WARN_ENUM_CONVERSION = YES;
				CLANG_WARN_INFINITE_RECURSION = YES;
				CLANG_WARN_INT_CONVERSION = YES;
				CLANG_WARN_OBJC_ROOT_CLASS = YES_ERROR;
				CLANG_WARN_SUSPICIOUS_MOVE = YES;
				CLANG_WARN_UNREACHABLE_CODE = YES;
				CLANG_WARN__DUPLICATE_METHOD_MATCH = YES;
				"CODE_SIGN_IDENTITY[sdk=iphoneos*]" = "iPhone Developer";
				COPY_PHASE_STRIP = NO;
				CURRENT_PROJECT_VERSION = 1;
				DEBUG_INFORMATION_FORMAT = dwarf;
				ENABLE_STRICT_OBJC_MSGSEND = YES;
				ENABLE_TESTABILITY = YES;
				GCC_C_LANGUAGE_STANDARD = gnu99;
				GCC_DYNAMIC_NO_PIC = NO;
				GCC_NO_COMMON_BLOCKS = YES;
				GCC_OPTIMIZATION_LEVEL = 0;
				GCC_PREPROCESSOR_DEFINITIONS = (
					"DEBUG=1",
					"$(inherited)",
				);
				GCC_WARN_64_TO_32_BIT_CONVERSION = YES;
				GCC_WARN_ABOUT_RETURN_TYPE = YES_ERROR;
				GCC_WARN_UNDECLARED_SELECTOR = YES;
				GCC_WARN_UNINITIALIZED_AUTOS = YES_AGGRESSIVE;
				GCC_WARN_UNUSED_FUNCTION = YES;
				GCC_WARN_UNUSED_VARIABLE = YES;
				IPHONEOS_DEPLOYMENT_TARGET = 10.2;
				MTL_ENABLE_DEBUG_INFO = YES;
				ONLY_ACTIVE_ARCH = YES;
				SDKROOT = iphoneos;
				SWIFT_ACTIVE_COMPILATION_CONDITIONS = DEBUG;
				SWIFT_OPTIMIZATION_LEVEL = "-Onone";
				TARGETED_DEVICE_FAMILY = "1,2";
				VERSIONING_SYSTEM = "apple-generic";
				VERSION_INFO_PREFIX = "";
			};
			name = Debug;
		};
		CFE091931EB3723A00E9FDAD /* Release */ = {
			isa = XCBuildConfiguration;
			buildSettings = {
				ALWAYS_SEARCH_USER_PATHS = NO;
				CLANG_ANALYZER_NONNULL = YES;
				CLANG_CXX_LANGUAGE_STANDARD = "gnu++0x";
				CLANG_CXX_LIBRARY = "libc++";
				CLANG_ENABLE_MODULES = YES;
				CLANG_ENABLE_OBJC_ARC = YES;
				CLANG_WARN_BOOL_CONVERSION = YES;
				CLANG_WARN_CONSTANT_CONVERSION = YES;
				CLANG_WARN_DIRECT_OBJC_ISA_USAGE = YES_ERROR;
				CLANG_WARN_DOCUMENTATION_COMMENTS = YES;
				CLANG_WARN_EMPTY_BODY = YES;
				CLANG_WARN_ENUM_CONVERSION = YES;
				CLANG_WARN_INFINITE_RECURSION = YES;
				CLANG_WARN_INT_CONVERSION = YES;
				CLANG_WARN_OBJC_ROOT_CLASS = YES_ERROR;
				CLANG_WARN_SUSPICIOUS_MOVE = YES;
				CLANG_WARN_UNREACHABLE_CODE = YES;
				CLANG_WARN__DUPLICATE_METHOD_MATCH = YES;
				"CODE_SIGN_IDENTITY[sdk=iphoneos*]" = "iPhone Developer";
				COPY_PHASE_STRIP = NO;
				CURRENT_PROJECT_VERSION = 1;
				DEBUG_INFORMATION_FORMAT = "dwarf-with-dsym";
				ENABLE_NS_ASSERTIONS = NO;
				ENABLE_STRICT_OBJC_MSGSEND = YES;
				GCC_C_LANGUAGE_STANDARD = gnu99;
				GCC_NO_COMMON_BLOCKS = YES;
				GCC_WARN_64_TO_32_BIT_CONVERSION = YES;
				GCC_WARN_ABOUT_RETURN_TYPE = YES_ERROR;
				GCC_WARN_UNDECLARED_SELECTOR = YES;
				GCC_WARN_UNINITIALIZED_AUTOS = YES_AGGRESSIVE;
				GCC_WARN_UNUSED_FUNCTION = YES;
				GCC_WARN_UNUSED_VARIABLE = YES;
				IPHONEOS_DEPLOYMENT_TARGET = 10.2;
				MTL_ENABLE_DEBUG_INFO = NO;
				SDKROOT = iphoneos;
				SWIFT_OPTIMIZATION_LEVEL = "-Owholemodule";
				TARGETED_DEVICE_FAMILY = "1,2";
				VALIDATE_PRODUCT = YES;
				VERSIONING_SYSTEM = "apple-generic";
				VERSION_INFO_PREFIX = "";
			};
			name = Release;
		};
		CFE091951EB3723A00E9FDAD /* Debug */ = {
			isa = XCBuildConfiguration;
			buildSettings = {
				CLANG_ENABLE_MODULES = YES;
				CODE_SIGN_IDENTITY = "";
				DEFINES_MODULE = YES;
				DEVELOPMENT_TEAM = 4LQ43Y6TLH;
				DYLIB_COMPATIBILITY_VERSION = 1;
				DYLIB_CURRENT_VERSION = 1;
				DYLIB_INSTALL_NAME_BASE = "@rpath";
				ENABLE_BITCODE = NO;
				FRAMEWORK_SEARCH_PATHS = (
					"$(inherited)",
					"$(PROJECT_DIR)/Carthage/Build/iOS",
				);
				INFOPLIST_FILE = RxAlamofireMapper/Info.plist;
				INSTALL_PATH = "$(LOCAL_LIBRARY_DIR)/Frameworks";
				LD_RUNPATH_SEARCH_PATHS = "$(inherited) @executable_path/Frameworks @loader_path/Frameworks";
				PRODUCT_BUNDLE_IDENTIFIER = com.wassimseifeddine.RxAlamofireMapper;
				PRODUCT_NAME = "$(TARGET_NAME)";
				SKIP_INSTALL = YES;
				SWIFT_OPTIMIZATION_LEVEL = "-Onone";
				SWIFT_VERSION = 3.0;
			};
			name = Debug;
		};
		CFE091961EB3723A00E9FDAD /* Release */ = {
			isa = XCBuildConfiguration;
			buildSettings = {
				CLANG_ENABLE_MODULES = YES;
				CODE_SIGN_IDENTITY = "";
				DEFINES_MODULE = YES;
				DEVELOPMENT_TEAM = 4LQ43Y6TLH;
				DYLIB_COMPATIBILITY_VERSION = 1;
				DYLIB_CURRENT_VERSION = 1;
				DYLIB_INSTALL_NAME_BASE = "@rpath";
				ENABLE_BITCODE = NO;
				FRAMEWORK_SEARCH_PATHS = (
					"$(inherited)",
					"$(PROJECT_DIR)/Carthage/Build/iOS",
				);
				INFOPLIST_FILE = RxAlamofireMapper/Info.plist;
				INSTALL_PATH = "$(LOCAL_LIBRARY_DIR)/Frameworks";
				LD_RUNPATH_SEARCH_PATHS = "$(inherited) @executable_path/Frameworks @loader_path/Frameworks";
				PRODUCT_BUNDLE_IDENTIFIER = com.wassimseifeddine.RxAlamofireMapper;
				PRODUCT_NAME = "$(TARGET_NAME)";
				SKIP_INSTALL = YES;
				SWIFT_VERSION = 3.0;
			};
			name = Release;
		};
		CFE091981EB3723A00E9FDAD /* Debug */ = {
			isa = XCBuildConfiguration;
			buildSettings = {
				ALWAYS_EMBED_SWIFT_STANDARD_LIBRARIES = YES;
				DEVELOPMENT_TEAM = 4LQ43Y6TLH;
				INFOPLIST_FILE = RxAlamofireMapperTests/Info.plist;
				LD_RUNPATH_SEARCH_PATHS = "$(inherited) @executable_path/Frameworks @loader_path/Frameworks";
				PRODUCT_BUNDLE_IDENTIFIER = com.wassimseifeddine.RxAlamofireMapperTests;
				PRODUCT_NAME = "$(TARGET_NAME)";
				SWIFT_VERSION = 3.0;
			};
			name = Debug;
		};
		CFE091991EB3723A00E9FDAD /* Release */ = {
			isa = XCBuildConfiguration;
			buildSettings = {
				ALWAYS_EMBED_SWIFT_STANDARD_LIBRARIES = YES;
				DEVELOPMENT_TEAM = 4LQ43Y6TLH;
				INFOPLIST_FILE = RxAlamofireMapperTests/Info.plist;
				LD_RUNPATH_SEARCH_PATHS = "$(inherited) @executable_path/Frameworks @loader_path/Frameworks";
				PRODUCT_BUNDLE_IDENTIFIER = com.wassimseifeddine.RxAlamofireMapperTests;
				PRODUCT_NAME = "$(TARGET_NAME)";
				SWIFT_VERSION = 3.0;
			};
			name = Release;
		};
/* End XCBuildConfiguration section */

/* Begin XCConfigurationList section */
		CFE0917A1EB3723A00E9FDAD /* Build configuration list for PBXProject "RxAlamofireMapper" */ = {
			isa = XCConfigurationList;
			buildConfigurations = (
				CFE091921EB3723A00E9FDAD /* Debug */,
				CFE091931EB3723A00E9FDAD /* Release */,
			);
			defaultConfigurationIsVisible = 0;
			defaultConfigurationName = Release;
		};
		CFE091941EB3723A00E9FDAD /* Build configuration list for PBXNativeTarget "RxAlamofireMapper" */ = {
			isa = XCConfigurationList;
			buildConfigurations = (
				CFE091951EB3723A00E9FDAD /* Debug */,
				CFE091961EB3723A00E9FDAD /* Release */,
			);
			defaultConfigurationIsVisible = 0;
			defaultConfigurationName = Release;
		};
		CFE091971EB3723A00E9FDAD /* Build configuration list for PBXNativeTarget "RxAlamofireMapperTests" */ = {
			isa = XCConfigurationList;
			buildConfigurations = (
				CFE091981EB3723A00E9FDAD /* Debug */,
				CFE091991EB3723A00E9FDAD /* Release */,
			);
			defaultConfigurationIsVisible = 0;
			defaultConfigurationName = Release;
		};
/* End XCConfigurationList section */
	};
	rootObject = CFE091771EB3723A00E9FDAD /* Project object */;
}
